// !$*UTF8*$!
{
	archiveVersion = 1;
	classes = {
	};
	objectVersion = 46;
	objects = {

/* Begin PBXBuildFile section */
		D53542101BCDA6F200FCEE41 /* AppDelegate.swift in Sources */ = {isa = PBXBuildFile; fileRef = D535420F1BCDA6F200FCEE41 /* AppDelegate.swift */; };
		D53542121BCDA6F200FCEE41 /* RecordSoundsViewController.swift in Sources */ = {isa = PBXBuildFile; fileRef = D53542111BCDA6F200FCEE41 /* RecordSoundsViewController.swift */; };
		D53542151BCDA6F200FCEE41 /* Main.storyboard in Resources */ = {isa = PBXBuildFile; fileRef = D53542131BCDA6F200FCEE41 /* Main.storyboard */; };
		D53542171BCDA6F200FCEE41 /* Assets.xcassets in Resources */ = {isa = PBXBuildFile; fileRef = D53542161BCDA6F200FCEE41 /* Assets.xcassets */; };
		D535421A1BCDA6F200FCEE41 /* LaunchScreen.storyboard in Resources */ = {isa = PBXBuildFile; fileRef = D53542181BCDA6F200FCEE41 /* LaunchScreen.storyboard */; };
		D53542251BCDA6F200FCEE41 /* Pitch_PerfectTests.swift in Sources */ = {isa = PBXBuildFile; fileRef = D53542241BCDA6F200FCEE41 /* Pitch_PerfectTests.swift */; };
		D53542301BCDA6F200FCEE41 /* Pitch_PerfectUITests.swift in Sources */ = {isa = PBXBuildFile; fileRef = D535422F1BCDA6F200FCEE41 /* Pitch_PerfectUITests.swift */; };
		D535423E1BCF412600FCEE41 /* CAGradientLayer+Convience.swift in Sources */ = {isa = PBXBuildFile; fileRef = D535423D1BCF412600FCEE41 /* CAGradientLayer+Convience.swift */; settings = {ASSET_TAGS = (); }; };
		D53542421BD02FD100FCEE41 /* PlaySoundsViewController.swift in Sources */ = {isa = PBXBuildFile; fileRef = D53542411BD02FD100FCEE41 /* PlaySoundsViewController.swift */; settings = {ASSET_TAGS = (); }; };
		D53542461BD08F7900FCEE41 /* RecordedAudio.swift in Sources */ = {isa = PBXBuildFile; fileRef = D53542451BD08F7900FCEE41 /* RecordedAudio.swift */; settings = {ASSET_TAGS = (); }; };
/* End PBXBuildFile section */

/* Begin PBXContainerItemProxy section */
		D53542211BCDA6F200FCEE41 /* PBXContainerItemProxy */ = {
			isa = PBXContainerItemProxy;
			containerPortal = D53542041BCDA6F200FCEE41 /* Project object */;
			proxyType = 1;
			remoteGlobalIDString = D535420B1BCDA6F200FCEE41;
			remoteInfo = "Pitch Perfect";
		};
		D535422C1BCDA6F200FCEE41 /* PBXContainerItemProxy */ = {
			isa = PBXContainerItemProxy;
			containerPortal = D53542041BCDA6F200FCEE41 /* Project object */;
			proxyType = 1;
			remoteGlobalIDString = D535420B1BCDA6F200FCEE41;
			remoteInfo = "Pitch Perfect";
		};
/* End PBXContainerItemProxy section */

/* Begin PBXFileReference section */
		D535420C1BCDA6F200FCEE41 /* Pitch Perfect.app */ = {isa = PBXFileReference; explicitFileType = wrapper.application; includeInIndex = 0; path = "Pitch Perfect.app"; sourceTree = BUILT_PRODUCTS_DIR; };
		D535420F1BCDA6F200FCEE41 /* AppDelegate.swift */ = {isa = PBXFileReference; lastKnownFileType = sourcecode.swift; path = AppDelegate.swift; sourceTree = "<group>"; };
		D53542111BCDA6F200FCEE41 /* RecordSoundsViewController.swift */ = {isa = PBXFileReference; lastKnownFileType = sourcecode.swift; path = RecordSoundsViewController.swift; sourceTree = "<group>"; };
		D53542141BCDA6F200FCEE41 /* Base */ = {isa = PBXFileReference; lastKnownFileType = file.storyboard; name = Base; path = Base.lproj/Main.storyboard; sourceTree = "<group>"; };
		D53542161BCDA6F200FCEE41 /* Assets.xcassets */ = {isa = PBXFileReference; lastKnownFileType = folder.assetcatalog; path = Assets.xcassets; sourceTree = "<group>"; };
		D53542191BCDA6F200FCEE41 /* Base */ = {isa = PBXFileReference; lastKnownFileType = file.storyboard; name = Base; path = Base.lproj/LaunchScreen.storyboard; sourceTree = "<group>"; };
		D535421B1BCDA6F200FCEE41 /* Info.plist */ = {isa = PBXFileReference; lastKnownFileType = text.plist.xml; path = Info.plist; sourceTree = "<group>"; };
		D53542201BCDA6F200FCEE41 /* Pitch PerfectTests.xctest */ = {isa = PBXFileReference; explicitFileType = wrapper.cfbundle; includeInIndex = 0; path = "Pitch PerfectTests.xctest"; sourceTree = BUILT_PRODUCTS_DIR; };
		D53542241BCDA6F200FCEE41 /* Pitch_PerfectTests.swift */ = {isa = PBXFileReference; lastKnownFileType = sourcecode.swift; path = Pitch_PerfectTests.swift; sourceTree = "<group>"; };
		D53542261BCDA6F200FCEE41 /* Info.plist */ = {isa = PBXFileReference; lastKnownFileType = text.plist.xml; path = Info.plist; sourceTree = "<group>"; };
		D535422B1BCDA6F200FCEE41 /* Pitch PerfectUITests.xctest */ = {isa = PBXFileReference; explicitFileType = wrapper.cfbundle; includeInIndex = 0; path = "Pitch PerfectUITests.xctest"; sourceTree = BUILT_PRODUCTS_DIR; };
		D535422F1BCDA6F200FCEE41 /* Pitch_PerfectUITests.swift */ = {isa = PBXFileReference; lastKnownFileType = sourcecode.swift; path = Pitch_PerfectUITests.swift; sourceTree = "<group>"; };
		D53542311BCDA6F200FCEE41 /* Info.plist */ = {isa = PBXFileReference; lastKnownFileType = text.plist.xml; path = Info.plist; sourceTree = "<group>"; };
		D535423D1BCF412600FCEE41 /* CAGradientLayer+Convience.swift */ = {isa = PBXFileReference; fileEncoding = 4; lastKnownFileType = sourcecode.swift; path = "CAGradientLayer+Convience.swift"; sourceTree = "<group>"; };
		D53542411BD02FD100FCEE41 /* PlaySoundsViewController.swift */ = {isa = PBXFileReference; fileEncoding = 4; lastKnownFileType = sourcecode.swift; path = PlaySoundsViewController.swift; sourceTree = "<group>"; };
		D53542451BD08F7900FCEE41 /* RecordedAudio.swift */ = {isa = PBXFileReference; fileEncoding = 4; lastKnownFileType = sourcecode.swift; path = RecordedAudio.swift; sourceTree = "<group>"; };
/* End PBXFileReference section */

/* Begin PBXFrameworksBuildPhase section */
		D53542091BCDA6F200FCEE41 /* Frameworks */ = {
			isa = PBXFrameworksBuildPhase;
			buildActionMask = 2147483647;
			files = (
			);
			runOnlyForDeploymentPostprocessing = 0;
		};
		D535421D1BCDA6F200FCEE41 /* Frameworks */ = {
			isa = PBXFrameworksBuildPhase;
			buildActionMask = 2147483647;
			files = (
			);
			runOnlyForDeploymentPostprocessing = 0;
		};
		D53542281BCDA6F200FCEE41 /* Frameworks */ = {
			isa = PBXFrameworksBuildPhase;
			buildActionMask = 2147483647;
			files = (
			);
			runOnlyForDeploymentPostprocessing = 0;
		};
/* End PBXFrameworksBuildPhase section */

/* Begin PBXGroup section */
		D53542031BCDA6F200FCEE41 = {
			isa = PBXGroup;
			children = (
				D535420E1BCDA6F200FCEE41 /* Pitch Perfect */,
				D53542231BCDA6F200FCEE41 /* Pitch PerfectTests */,
				D535422E1BCDA6F200FCEE41 /* Pitch PerfectUITests */,
				D535420D1BCDA6F200FCEE41 /* Products */,
			);
			sourceTree = "<group>";
		};
		D535420D1BCDA6F200FCEE41 /* Products */ = {
			isa = PBXGroup;
			children = (
				D535420C1BCDA6F200FCEE41 /* Pitch Perfect.app */,
				D53542201BCDA6F200FCEE41 /* Pitch PerfectTests.xctest */,
				D535422B1BCDA6F200FCEE41 /* Pitch PerfectUITests.xctest */,
			);
			name = Products;
			sourceTree = "<group>";
		};
		D535420E1BCDA6F200FCEE41 /* Pitch Perfect */ = {
			isa = PBXGroup;
			children = (
				D535420F1BCDA6F200FCEE41 /* AppDelegate.swift */,
				D53542111BCDA6F200FCEE41 /* RecordSoundsViewController.swift */,
				D53542451BD08F7900FCEE41 /* RecordedAudio.swift */,
				D53542131BCDA6F200FCEE41 /* Main.storyboard */,
				D53542411BD02FD100FCEE41 /* PlaySoundsViewController.swift */,
				D53542161BCDA6F200FCEE41 /* Assets.xcassets */,
				D53542181BCDA6F200FCEE41 /* LaunchScreen.storyboard */,
				D535421B1BCDA6F200FCEE41 /* Info.plist */,
				D535423D1BCF412600FCEE41 /* CAGradientLayer+Convience.swift */,
			);
			path = "Pitch Perfect";
			sourceTree = "<group>";
		};
		D53542231BCDA6F200FCEE41 /* Pitch PerfectTests */ = {
			isa = PBXGroup;
			children = (
				D53542241BCDA6F200FCEE41 /* Pitch_PerfectTests.swift */,
				D53542261BCDA6F200FCEE41 /* Info.plist */,
			);
			path = "Pitch PerfectTests";
			sourceTree = "<group>";
		};
		D535422E1BCDA6F200FCEE41 /* Pitch PerfectUITests */ = {
			isa = PBXGroup;
			children = (
				D535422F1BCDA6F200FCEE41 /* Pitch_PerfectUITests.swift */,
				D53542311BCDA6F200FCEE41 /* Info.plist */,
			);
			path = "Pitch PerfectUITests";
			sourceTree = "<group>";
		};
/* End PBXGroup section */

/* Begin PBXNativeTarget section */
		D535420B1BCDA6F200FCEE41 /* Pitch Perfect */ = {
			isa = PBXNativeTarget;
			buildConfigurationList = D53542341BCDA6F200FCEE41 /* Build configuration list for PBXNativeTarget "Pitch Perfect" */;
			buildPhases = (
				D53542081BCDA6F200FCEE41 /* Sources */,
				D53542091BCDA6F200FCEE41 /* Frameworks */,
				D535420A1BCDA6F200FCEE41 /* Resources */,
				D53542401BD0185900FCEE41 /* ShellScript */,
			);
			buildRules = (
			);
			dependencies = (
			);
			name = "Pitch Perfect";
			productName = "Pitch Perfect";
			productReference = D535420C1BCDA6F200FCEE41 /* Pitch Perfect.app */;
			productType = "com.apple.product-type.application";
		};
		D535421F1BCDA6F200FCEE41 /* Pitch PerfectTests */ = {
			isa = PBXNativeTarget;
			buildConfigurationList = D53542371BCDA6F200FCEE41 /* Build configuration list for PBXNativeTarget "Pitch PerfectTests" */;
			buildPhases = (
				D535421C1BCDA6F200FCEE41 /* Sources */,
				D535421D1BCDA6F200FCEE41 /* Frameworks */,
				D535421E1BCDA6F200FCEE41 /* Resources */,
			);
			buildRules = (
			);
			dependencies = (
				D53542221BCDA6F200FCEE41 /* PBXTargetDependency */,
			);
			name = "Pitch PerfectTests";
			productName = "Pitch PerfectTests";
			productReference = D53542201BCDA6F200FCEE41 /* Pitch PerfectTests.xctest */;
			productType = "com.apple.product-type.bundle.unit-test";
		};
		D535422A1BCDA6F200FCEE41 /* Pitch PerfectUITests */ = {
			isa = PBXNativeTarget;
			buildConfigurationList = D535423A1BCDA6F200FCEE41 /* Build configuration list for PBXNativeTarget "Pitch PerfectUITests" */;
			buildPhases = (
				D53542271BCDA6F200FCEE41 /* Sources */,
				D53542281BCDA6F200FCEE41 /* Frameworks */,
				D53542291BCDA6F200FCEE41 /* Resources */,
			);
			buildRules = (
			);
			dependencies = (
				D535422D1BCDA6F200FCEE41 /* PBXTargetDependency */,
			);
			name = "Pitch PerfectUITests";
			productName = "Pitch PerfectUITests";
			productReference = D535422B1BCDA6F200FCEE41 /* Pitch PerfectUITests.xctest */;
			productType = "com.apple.product-type.bundle.ui-testing";
		};
/* End PBXNativeTarget section */

/* Begin PBXProject section */
		D53542041BCDA6F200FCEE41 /* Project object */ = {
			isa = PBXProject;
			attributes = {
				LastUpgradeCheck = 0700;
				ORGANIZATIONNAME = MkiiSoft;
				TargetAttributes = {
					D535420B1BCDA6F200FCEE41 = {
						CreatedOnToolsVersion = 7.0.1;
						DevelopmentTeam = 245FMQY9XU;
					};
					D535421F1BCDA6F200FCEE41 = {
						CreatedOnToolsVersion = 7.0.1;
						TestTargetID = D535420B1BCDA6F200FCEE41;
					};
					D535422A1BCDA6F200FCEE41 = {
						CreatedOnToolsVersion = 7.0.1;
						TestTargetID = D535420B1BCDA6F200FCEE41;
					};
				};
			};
			buildConfigurationList = D53542071BCDA6F200FCEE41 /* Build configuration list for PBXProject "Pitch Perfect" */;
			compatibilityVersion = "Xcode 3.2";
			developmentRegion = English;
			hasScannedForEncodings = 0;
			knownRegions = (
				en,
				Base,
			);
			mainGroup = D53542031BCDA6F200FCEE41;
			productRefGroup = D535420D1BCDA6F200FCEE41 /* Products */;
			projectDirPath = "";
			projectRoot = "";
			targets = (
				D535420B1BCDA6F200FCEE41 /* Pitch Perfect */,
				D535421F1BCDA6F200FCEE41 /* Pitch PerfectTests */,
				D535422A1BCDA6F200FCEE41 /* Pitch PerfectUITests */,
			);
		};
/* End PBXProject section */

/* Begin PBXResourcesBuildPhase section */
		D535420A1BCDA6F200FCEE41 /* Resources */ = {
			isa = PBXResourcesBuildPhase;
			buildActionMask = 2147483647;
			files = (
				D535421A1BCDA6F200FCEE41 /* LaunchScreen.storyboard in Resources */,
				D53542171BCDA6F200FCEE41 /* Assets.xcassets in Resources */,
				D53542151BCDA6F200FCEE41 /* Main.storyboard in Resources */,
			);
			runOnlyForDeploymentPostprocessing = 0;
		};
		D535421E1BCDA6F200FCEE41 /* Resources */ = {
			isa = PBXResourcesBuildPhase;
			buildActionMask = 2147483647;
			files = (
			);
			runOnlyForDeploymentPostprocessing = 0;
		};
		D53542291BCDA6F200FCEE41 /* Resources */ = {
			isa = PBXResourcesBuildPhase;
			buildActionMask = 2147483647;
			files = (
			);
			runOnlyForDeploymentPostprocessing = 0;
		};
/* End PBXResourcesBuildPhase section */

/* Begin PBXShellScriptBuildPhase section */
		D53542401BD0185900FCEE41 /* ShellScript */ = {
			isa = PBXShellScriptBuildPhase;
			buildActionMask = 2147483647;
			files = (
			);
			inputPaths = (
			);
			outputPaths = (
			);
			runOnlyForDeploymentPostprocessing = 0;
			shellPath = /bin/sh;
			shellScript = "KEYWORDS=\"TODO:|FIXME:|\\?\\?\\?:|\\!\\!\\!:\"\n\nfind \"${SRCROOT}\" \\( -name \"*.h\" -or -name \"*.m\" \\) -print0 | xargs -0 egrep --with-filename --line-number --only-matching \"($KEYWORDS).*\\$\" | perl -p -e \"s/($KEYWORDS)/ warning: \\$1/\"";
		};
/* End PBXShellScriptBuildPhase section */

/* Begin PBXSourcesBuildPhase section */
		D53542081BCDA6F200FCEE41 /* Sources */ = {
			isa = PBXSourcesBuildPhase;
			buildActionMask = 2147483647;
			files = (
				D535423E1BCF412600FCEE41 /* CAGradientLayer+Convience.swift in Sources */,
				D53542121BCDA6F200FCEE41 /* RecordSoundsViewController.swift in Sources */,
				D53542421BD02FD100FCEE41 /* PlaySoundsViewController.swift in Sources */,
				D53542101BCDA6F200FCEE41 /* AppDelegate.swift in Sources */,
				D53542461BD08F7900FCEE41 /* RecordedAudio.swift in Sources */,
			);
			runOnlyForDeploymentPostprocessing = 0;
		};
		D535421C1BCDA6F200FCEE41 /* Sources */ = {
			isa = PBXSourcesBuildPhase;
			buildActionMask = 2147483647;
			files = (
				D53542251BCDA6F200FCEE41 /* Pitch_PerfectTests.swift in Sources */,
			);
			runOnlyForDeploymentPostprocessing = 0;
		};
		D53542271BCDA6F200FCEE41 /* Sources */ = {
			isa = PBXSourcesBuildPhase;
			buildActionMask = 2147483647;
			files = (
				D53542301BCDA6F200FCEE41 /* Pitch_PerfectUITests.swift in Sources */,
			);
			runOnlyForDeploymentPostprocessing = 0;
		};
/* End PBXSourcesBuildPhase section */

/* Begin PBXTargetDependency section */
		D53542221BCDA6F200FCEE41 /* PBXTargetDependency */ = {
			isa = PBXTargetDependency;
			target = D535420B1BCDA6F200FCEE41 /* Pitch Perfect */;
			targetProxy = D53542211BCDA6F200FCEE41 /* PBXContainerItemProxy */;
		};
		D535422D1BCDA6F200FCEE41 /* PBXTargetDependency */ = {
			isa = PBXTargetDependency;
			target = D535420B1BCDA6F200FCEE41 /* Pitch Perfect */;
			targetProxy = D535422C1BCDA6F200FCEE41 /* PBXContainerItemProxy */;
		};
/* End PBXTargetDependency section */

/* Begin PBXVariantGroup section */
		D53542131BCDA6F200FCEE41 /* Main.storyboard */ = {
			isa = PBXVariantGroup;
			children = (
				D53542141BCDA6F200FCEE41 /* Base */,
			);
			name = Main.storyboard;
			sourceTree = "<group>";
		};
		D53542181BCDA6F200FCEE41 /* LaunchScreen.storyboard */ = {
			isa = PBXVariantGroup;
			children = (
				D53542191BCDA6F200FCEE41 /* Base */,
			);
			name = LaunchScreen.storyboard;
			sourceTree = "<group>";
		};
/* End PBXVariantGroup section */

/* Begin XCBuildConfiguration section */
		D53542321BCDA6F200FCEE41 /* Debug */ = {
			isa = XCBuildConfiguration;
			buildSettings = {
				ALWAYS_SEARCH_USER_PATHS = NO;
				CLANG_CXX_LANGUAGE_STANDARD = "gnu++0x";
				CLANG_CXX_LIBRARY = "libc++";
				CLANG_ENABLE_MODULES = YES;
				CLANG_ENABLE_OBJC_ARC = YES;
				CLANG_WARN_BOOL_CONVERSION = YES;
				CLANG_WARN_CONSTANT_CONVERSION = YES;
				CLANG_WARN_DIRECT_OBJC_ISA_USAGE = YES_ERROR;
				CLANG_WARN_EMPTY_BODY = YES;
				CLANG_WARN_ENUM_CONVERSION = YES;
				CLANG_WARN_INT_CONVERSION = YES;
				CLANG_WARN_OBJC_ROOT_CLASS = YES_ERROR;
				CLANG_WARN_UNREACHABLE_CODE = YES;
				CLANG_WARN__DUPLICATE_METHOD_MATCH = YES;
				"CODE_SIGN_IDENTITY[sdk=iphoneos*]" = "iPhone Developer";
				COPY_PHASE_STRIP = NO;
				DEBUG_INFORMATION_FORMAT = dwarf;
				ENABLE_STRICT_OBJC_MSGSEND = YES;
				ENABLE_TESTABILITY = YES;
				GCC_C_LANGUAGE_STANDARD = gnu99;
				GCC_DYNAMIC_NO_PIC = NO;
				GCC_NO_COMMON_BLOCKS = YES;
				GCC_OPTIMIZATION_LEVEL = 0;
				GCC_PREPROCESSOR_DEFINITIONS = (
					"DEBUG=1",
					"$(inherited)",
				);
				GCC_WARN_64_TO_32_BIT_CONVERSION = YES;
				GCC_WARN_ABOUT_RETURN_TYPE = YES_ERROR;
				GCC_WARN_UNDECLARED_SELECTOR = YES;
				GCC_WARN_UNINITIALIZED_AUTOS = YES_AGGRESSIVE;
				GCC_WARN_UNUSED_FUNCTION = YES;
				GCC_WARN_UNUSED_VARIABLE = YES;
				IPHONEOS_DEPLOYMENT_TARGET = 9.0;
				MTL_ENABLE_DEBUG_INFO = YES;
				ONLY_ACTIVE_ARCH = YES;
				SDKROOT = iphoneos;
				SWIFT_OPTIMIZATION_LEVEL = "-Onone";
			};
			name = Debug;
		};
		D53542331BCDA6F200FCEE41 /* Release */ = {
			isa = XCBuildConfiguration;
			buildSettings = {
				ALWAYS_SEARCH_USER_PATHS = NO;
				CLANG_CXX_LANGUAGE_STANDARD = "gnu++0x";
				CLANG_CXX_LIBRARY = "libc++";
				CLANG_ENABLE_MODULES = YES;
				CLANG_ENABLE_OBJC_ARC = YES;
				CLANG_WARN_BOOL_CONVERSION = YES;
				CLANG_WARN_CONSTANT_CONVERSION = YES;
				CLANG_WARN_DIRECT_OBJC_ISA_USAGE = YES_ERROR;
				CLANG_WARN_EMPTY_BODY = YES;
				CLANG_WARN_ENUM_CONVERSION = YES;
				CLANG_WARN_INT_CONVERSION = YES;
				CLANG_WARN_OBJC_ROOT_CLASS = YES_ERROR;
				CLANG_WARN_UNREACHABLE_CODE = YES;
				CLANG_WARN__DUPLICATE_METHOD_MATCH = YES;
				"CODE_SIGN_IDENTITY[sdk=iphoneos*]" = "iPhone Developer";
				COPY_PHASE_STRIP = NO;
				DEBUG_INFORMATION_FORMAT = "dwarf-with-dsym";
				ENABLE_NS_ASSERTIONS = NO;
				ENABLE_STRICT_OBJC_MSGSEND = YES;
				GCC_C_LANGUAGE_STANDARD = gnu99;
				GCC_NO_COMMON_BLOCKS = YES;
				GCC_WARN_64_TO_32_BIT_CONVERSION = YES;
				GCC_WARN_ABOUT_RETURN_TYPE = YES_ERROR;
				GCC_WARN_UNDECLARED_SELECTOR = YES;
				GCC_WARN_UNINITIALIZED_AUTOS = YES_AGGRESSIVE;
				GCC_WARN_UNUSED_FUNCTION = YES;
				GCC_WARN_UNUSED_VARIABLE = YES;
				IPHONEOS_DEPLOYMENT_TARGET = 9.0;
				MTL_ENABLE_DEBUG_INFO = NO;
				SDKROOT = iphoneos;
				VALIDATE_PRODUCT = YES;
			};
			name = Release;
		};
		D53542351BCDA6F200FCEE41 /* Debug */ = {
			isa = XCBuildConfiguration;
			buildSettings = {
				ASSETCATALOG_COMPILER_APPICON_NAME = AppIcon;
				CODE_SIGN_IDENTITY = "iPhone Developer";
				"CODE_SIGN_IDENTITY[sdk=iphoneos*]" = "iPhone Developer";
				INFOPLIST_FILE = "Pitch Perfect/Info.plist";
				LD_RUNPATH_SEARCH_PATHS = "$(inherited) @executable_path/Frameworks";
				PRODUCT_BUNDLE_IDENTIFIER = "com.mkiisoft.Pitch-Perfect";
				PRODUCT_NAME = "$(TARGET_NAME)";
				PROVISIONING_PROFILE = "";
			};
			name = Debug;
		};
		D53542361BCDA6F200FCEE41 /* Release */ = {
			isa = XCBuildConfiguration;
			buildSettings = {
				ASSETCATALOG_COMPILER_APPICON_NAME = AppIcon;
				CODE_SIGN_IDENTITY = "iPhone Developer";
				"CODE_SIGN_IDENTITY[sdk=iphoneos*]" = "iPhone Developer";
				INFOPLIST_FILE = "Pitch Perfect/Info.plist";
				LD_RUNPATH_SEARCH_PATHS = "$(inherited) @executable_path/Frameworks";
				PRODUCT_BUNDLE_IDENTIFIER = "com.mkiisoft.Pitch-Perfect";
				PRODUCT_NAME = "$(TARGET_NAME)";
				PROVISIONING_PROFILE = "";
			};
			name = Release;
		};
		D53542381BCDA6F200FCEE41 /* Debug */ = {
			isa = XCBuildConfiguration;
			buildSettings = {
				BUNDLE_LOADER = "$(TEST_HOST)";
				INFOPLIST_FILE = "Pitch PerfectTests/Info.plist";
				LD_RUNPATH_SEARCH_PATHS = "$(inherited) @executable_path/Frameworks @loader_path/Frameworks";
				PRODUCT_BUNDLE_IDENTIFIER = "com.mkiisoft.Pitch-PerfectTests";
				PRODUCT_NAME = "$(TARGET_NAME)";
				TEST_HOST = "$(BUILT_PRODUCTS_DIR)/Pitch Perfect.app/Pitch Perfect";
			};
			name = Debug;
		};
		D53542391BCDA6F200FCEE41 /* Release */ = {
			isa = XCBuildConfiguration;
			buildSettings = {
				BUNDLE_LOADER = "$(TEST_HOST)";
				INFOPLIST_FILE = "Pitch PerfectTests/Info.plist";
				LD_RUNPATH_SEARCH_PATHS = "$(inherited) @executable_path/Frameworks @loader_path/Frameworks";
				PRODUCT_BUNDLE_IDENTIFIER = "com.mkiisoft.Pitch-PerfectTests";
				PRODUCT_NAME = "$(TARGET_NAME)";
				TEST_HOST = "$(BUILT_PRODUCTS_DIR)/Pitch Perfect.app/Pitch Perfect";
			};
			name = Release;
		};
		D535423B1BCDA6F200FCEE41 /* Debug */ = {
			isa = XCBuildConfiguration;
			buildSettings = {
				INFOPLIST_FILE = "Pitch PerfectUITests/Info.plist";
				LD_RUNPATH_SEARCH_PATHS = "$(inherited) @executable_path/Frameworks @loader_path/Frameworks";
				PRODUCT_BUNDLE_IDENTIFIER = "com.mkiisoft.Pitch-PerfectUITests";
				PRODUCT_NAME = "$(TARGET_NAME)";
				TEST_TARGET_NAME = "Pitch Perfect";
				USES_XCTRUNNER = YES;
			};
			name = Debug;
		};
		D535423C1BCDA6F200FCEE41 /* Release */ = {
			isa = XCBuildConfiguration;
			buildSettings = {
				INFOPLIST_FILE = "Pitch PerfectUITests/Info.plist";
				LD_RUNPATH_SEARCH_PATHS = "$(inherited) @executable_path/Frameworks @loader_path/Frameworks";
				PRODUCT_BUNDLE_IDENTIFIER = "com.mkiisoft.Pitch-PerfectUITests";
				PRODUCT_NAME = "$(TARGET_NAME)";
				TEST_TARGET_NAME = "Pitch Perfect";
				USES_XCTRUNNER = YES;
			};
			name = Release;
		};
/* End XCBuildConfiguration section */

/* Begin XCConfigurationList section */
		D53542071BCDA6F200FCEE41 /* Build configuration list for PBXProject "Pitch Perfect" */ = {
			isa = XCConfigurationList;
			buildConfigurations = (
				D53542321BCDA6F200FCEE41 /* Debug */,
				D53542331BCDA6F200FCEE41 /* Release */,
			);
			defaultConfigurationIsVisible = 0;
			defaultConfigurationName = Release;
		};
		D53542341BCDA6F200FCEE41 /* Build configuration list for PBXNativeTarget "Pitch Perfect" */ = {
			isa = XCConfigurationList;
			buildConfigurations = (
				D53542351BCDA6F200FCEE41 /* Debug */,
				D53542361BCDA6F200FCEE41 /* Release */,
			);
			defaultConfigurationIsVisible = 0;
			defaultConfigurationName = Release;
		};
		D53542371BCDA6F200FCEE41 /* Build configuration list for PBXNativeTarget "Pitch PerfectTests" */ = {
			isa = XCConfigurationList;
			buildConfigurations = (
				D53542381BCDA6F200FCEE41 /* Debug */,
				D53542391BCDA6F200FCEE41 /* Release */,
			);
			defaultConfigurationIsVisible = 0;
			defaultConfigurationName = Release;
		};
		D535423A1BCDA6F200FCEE41 /* Build configuration list for PBXNativeTarget "Pitch PerfectUITests" */ = {
			isa = XCConfigurationList;
			buildConfigurations = (
				D535423B1BCDA6F200FCEE41 /* Debug */,
				D535423C1BCDA6F200FCEE41 /* Release */,
			);
			defaultConfigurationIsVisible = 0;
			defaultConfigurationName = Release;
		};
/* End XCConfigurationList section */
	};
	rootObject = D53542041BCDA6F200FCEE41 /* Project object */;
}
